<?xml version="1.0" encoding="utf-8"?>
<Project ToolsVersion="4.0" xmlns="http://schemas.microsoft.com/developer/msbuild/2003">
  <ItemGroup>
    <Filter Include="Sources">
      <UniqueIdentifier>{8b7ed093-66ce-4096-96d2-fbb9faa4bf52}</UniqueIdentifier>
    </Filter>
    <Filter Include="Sources\Modules">
      <UniqueIdentifier>{7b418be2-1631-4a31-9ef2-8a8b234a7339}</UniqueIdentifier>
    </Filter>
    <Filter Include="Sources\Containers">
      <UniqueIdentifier>{afc36133-f401-499a-aa33-0da1e500fb52}</UniqueIdentifier>
    </Filter>
    <Filter Include="Sources\Tools">
      <UniqueIdentifier>{7e4dfaf7-022c-4f7d-92aa-f3b3fa9d6248}</UniqueIdentifier>
    </Filter>
    <Filter Include="Sources\Modules\Game">
      <UniqueIdentifier>{83f46af7-e02f-40c0-9e56-41d76082527b}</UniqueIdentifier>
    </Filter>
    <Filter Include="Sources\Editor">
      <UniqueIdentifier>{254d6fb7-a1d9-4d30-b9e9-96b550eaa251}</UniqueIdentifier>
    </Filter>
    <Filter Include="Sources\Helpers">
      <UniqueIdentifier>{121f8e6b-df36-4ab0-be0d-601ddfc9e503}</UniqueIdentifier>
    </Filter>
    <Filter Include="Library_Resources">
      <UniqueIdentifier>{aae4434d-44c3-43b9-a25a-91bbc441cfdb}</UniqueIdentifier>
    </Filter>
    <Filter Include="Library_Resources\PhysFS">
      <UniqueIdentifier>{6f82fbfb-9e02-48c7-a3f5-acde5fb96c24}</UniqueIdentifier>
    </Filter>
    <Filter Include="Library_Resources\MathGeoLib">
      <UniqueIdentifier>{01c668e0-b13b-40ad-a8c8-3684505da196}</UniqueIdentifier>
    </Filter>
    <Filter Include="Library_Resources\MathGeoLib\Include">
      <UniqueIdentifier>{8334c496-d247-4b2f-aada-03744ac44d8d}</UniqueIdentifier>
    </Filter>
    <Filter Include="Library_Resources\Imgui">
      <UniqueIdentifier>{d56418a9-c7aa-4cf6-a2f7-9013c999c61d}</UniqueIdentifier>
    </Filter>
    <Filter Include="Library_Resources\Assimp">
      <UniqueIdentifier>{39ff334e-aa68-4380-98b1-6f8a348c8751}</UniqueIdentifier>
    </Filter>
    <Filter Include="Library_Resources\Assimp\Include">
      <UniqueIdentifier>{2480baee-5945-4d28-8f9e-0127435400dd}</UniqueIdentifier>
    </Filter>
    <Filter Include="Library_Resources\Devil">
      <UniqueIdentifier>{202f7b0a-50ee-48d2-8e89-d3740792e27f}</UniqueIdentifier>
    </Filter>
    <Filter Include="Sources\Panel_Windows">
      <UniqueIdentifier>{19744cfd-fb0e-4a93-a6e6-75e0d3875e8f}</UniqueIdentifier>
    </Filter>
    <Filter Include="Sources\GameObject">
      <UniqueIdentifier>{5afa5f85-ac41-4bef-94bf-54d10117a233}</UniqueIdentifier>
    </Filter>
    <Filter Include="Sources\GameObject\Components">
      <UniqueIdentifier>{e1e44849-9fe1-4d7d-90f7-0f5ccb84a536}</UniqueIdentifier>
    </Filter>
  </ItemGroup>
  <ItemGroup>
    <ClInclude Include="Module.h">
      <Filter>Sources\Modules</Filter>
    </ClInclude>
    <ClInclude Include="ModuleAudio.h">
      <Filter>Sources\Modules</Filter>
    </ClInclude>
    <ClInclude Include="ModuleCamera3D.h">
      <Filter>Sources\Modules</Filter>
    </ClInclude>
    <ClInclude Include="ModuleInput.h">
      <Filter>Sources\Modules</Filter>
    </ClInclude>
    <ClInclude Include="ModuleRenderer3D.h">
      <Filter>Sources\Modules</Filter>
    </ClInclude>
    <ClInclude Include="ModuleWindow.h">
      <Filter>Sources\Modules</Filter>
    </ClInclude>
    <ClInclude Include="p2Point.h">
      <Filter>Sources\Containers</Filter>
    </ClInclude>
    <ClInclude Include="Application.h">
      <Filter>Sources</Filter>
    </ClInclude>
    <ClInclude Include="Globals.h">
      <Filter>Sources</Filter>
    </ClInclude>
    <ClInclude Include="Primitive.h">
      <Filter>Sources\Helpers</Filter>
    </ClInclude>
    <ClInclude Include="Color.h">
      <Filter>Sources\Containers</Filter>
    </ClInclude>
    <ClInclude Include="Light.h">
      <Filter>Sources\Helpers</Filter>
    </ClInclude>
    <ClInclude Include="ModuleSceneIntro.h">
      <Filter>Sources\Modules\Game</Filter>
    </ClInclude>
    <ClInclude Include="Timer.h">
      <Filter>Sources\Tools</Filter>
    </ClInclude>
    <ClInclude Include="ModulePhysics3D.h">
      <Filter>Sources\Modules</Filter>
    </ClInclude>
    <ClInclude Include="PhysBody3D.h">
      <Filter>Sources\Helpers</Filter>
    </ClInclude>
    <ClInclude Include="PhysVehicle3D.h">
      <Filter>Sources\Helpers</Filter>
    </ClInclude>
    <ClInclude Include="Imgui\imconfig.h">
      <Filter>Library_Resources\Imgui</Filter>
    </ClInclude>
    <ClInclude Include="Imgui\imgui.h">
      <Filter>Library_Resources\Imgui</Filter>
    </ClInclude>
    <ClInclude Include="Imgui\imgui_impl_sdl_gl3.h">
      <Filter>Library_Resources\Imgui</Filter>
    </ClInclude>
    <ClInclude Include="Imgui\imgui_internal.h">
      <Filter>Library_Resources\Imgui</Filter>
    </ClInclude>
    <ClInclude Include="Imgui\stb_rect_pack.h">
      <Filter>Library_Resources\Imgui</Filter>
    </ClInclude>
    <ClInclude Include="Imgui\stb_textedit.h">
      <Filter>Library_Resources\Imgui</Filter>
    </ClInclude>
    <ClInclude Include="Imgui\stb_truetype.h">
      <Filter>Library_Resources\Imgui</Filter>
    </ClInclude>
    <ClInclude Include="MathGeoLib\include\MathBuildConfig.h">
      <Filter>Library_Resources\MathGeoLib</Filter>
    </ClInclude>
    <ClInclude Include="MathGeoLib\include\MathGeoLib.h">
      <Filter>Library_Resources\MathGeoLib</Filter>
    </ClInclude>
    <ClInclude Include="MathGeoLib\include\MathGeoLibFwd.h">
      <Filter>Library_Resources\MathGeoLib</Filter>
    </ClInclude>
    <ClInclude Include="MathGeoLib\include\Time\Clock.h">
      <Filter>Library_Resources\MathGeoLib\Include</Filter>
    </ClInclude>
    <ClInclude Include="MathGeoLib\include\Math\assume.h">
      <Filter>Library_Resources\MathGeoLib\Include</Filter>
    </ClInclude>
    <ClInclude Include="MathGeoLib\include\Math\BitOps.h">
      <Filter>Library_Resources\MathGeoLib\Include</Filter>
    </ClInclude>
    <ClInclude Include="MathGeoLib\include\Math\Callstack.h">
      <Filter>Library_Resources\MathGeoLib\Include</Filter>
    </ClInclude>
    <ClInclude Include="MathGeoLib\include\Math\FixedPoint.h">
      <Filter>Library_Resources\MathGeoLib\Include</Filter>
    </ClInclude>
    <ClInclude Include="MathGeoLib\include\Math\float2.h">
      <Filter>Library_Resources\MathGeoLib\Include</Filter>
    </ClInclude>
    <ClInclude Include="MathGeoLib\include\Math\float3.h">
      <Filter>Library_Resources\MathGeoLib\Include</Filter>
    </ClInclude>
    <ClInclude Include="MathGeoLib\include\Math\float3x3.h">
      <Filter>Library_Resources\MathGeoLib\Include</Filter>
    </ClInclude>
    <ClInclude Include="MathGeoLib\include\Math\float3x4.h">
      <Filter>Library_Resources\MathGeoLib\Include</Filter>
    </ClInclude>
    <ClInclude Include="MathGeoLib\include\Math\float4.h">
      <Filter>Library_Resources\MathGeoLib\Include</Filter>
    </ClInclude>
    <ClInclude Include="MathGeoLib\include\Math\float4_neon.h">
      <Filter>Library_Resources\MathGeoLib\Include</Filter>
    </ClInclude>
    <ClInclude Include="MathGeoLib\include\Math\float4_sse.h">
      <Filter>Library_Resources\MathGeoLib\Include</Filter>
    </ClInclude>
    <ClInclude Include="MathGeoLib\include\Math\float4d.h">
      <Filter>Library_Resources\MathGeoLib\Include</Filter>
    </ClInclude>
    <ClInclude Include="MathGeoLib\include\Math\float4x4.h">
      <Filter>Library_Resources\MathGeoLib\Include</Filter>
    </ClInclude>
    <ClInclude Include="MathGeoLib\include\Math\float4x4_neon.h">
      <Filter>Library_Resources\MathGeoLib\Include</Filter>
    </ClInclude>
    <ClInclude Include="MathGeoLib\include\Math\float4x4_sse.h">
      <Filter>Library_Resources\MathGeoLib\Include</Filter>
    </ClInclude>
    <ClInclude Include="MathGeoLib\include\Math\FloatCmp.h">
      <Filter>Library_Resources\MathGeoLib\Include</Filter>
    </ClInclude>
    <ClInclude Include="MathGeoLib\include\Math\grisu3.h">
      <Filter>Library_Resources\MathGeoLib\Include</Filter>
    </ClInclude>
    <ClInclude Include="MathGeoLib\include\Math\InclWindows.h">
      <Filter>Library_Resources\MathGeoLib\Include</Filter>
    </ClInclude>
    <ClInclude Include="MathGeoLib\include\Math\MathAll.h">
      <Filter>Library_Resources\MathGeoLib\Include</Filter>
    </ClInclude>
    <ClInclude Include="MathGeoLib\include\Math\MathConstants.h">
      <Filter>Library_Resources\MathGeoLib\Include</Filter>
    </ClInclude>
    <ClInclude Include="MathGeoLib\include\Math\MathFunc.h">
      <Filter>Library_Resources\MathGeoLib\Include</Filter>
    </ClInclude>
    <ClInclude Include="MathGeoLib\include\Math\MathLog.h">
      <Filter>Library_Resources\MathGeoLib\Include</Filter>
    </ClInclude>
    <ClInclude Include="MathGeoLib\include\Math\MathNamespace.h">
      <Filter>Library_Resources\MathGeoLib\Include</Filter>
    </ClInclude>
    <ClInclude Include="MathGeoLib\include\Math\MathTypes.h">
      <Filter>Library_Resources\MathGeoLib\Include</Filter>
    </ClInclude>
    <ClInclude Include="MathGeoLib\include\Math\MatrixProxy.h">
      <Filter>Library_Resources\MathGeoLib\Include</Filter>
    </ClInclude>
    <ClInclude Include="MathGeoLib\include\Math\myassert.h">
      <Filter>Library_Resources\MathGeoLib\Include</Filter>
    </ClInclude>
    <ClInclude Include="MathGeoLib\include\Math\Polynomial.h">
      <Filter>Library_Resources\MathGeoLib\Include</Filter>
    </ClInclude>
    <ClInclude Include="MathGeoLib\include\Math\Quat.h">
      <Filter>Library_Resources\MathGeoLib\Include</Filter>
    </ClInclude>
    <ClInclude Include="MathGeoLib\include\Math\quat_simd.h">
      <Filter>Library_Resources\MathGeoLib\Include</Filter>
    </ClInclude>
    <ClInclude Include="MathGeoLib\include\Math\Rect.h">
      <Filter>Library_Resources\MathGeoLib\Include</Filter>
    </ClInclude>
    <ClInclude Include="MathGeoLib\include\Math\Reinterpret.h">
      <Filter>Library_Resources\MathGeoLib\Include</Filter>
    </ClInclude>
    <ClInclude Include="MathGeoLib\include\Math\simd.h">
      <Filter>Library_Resources\MathGeoLib\Include</Filter>
    </ClInclude>
    <ClInclude Include="MathGeoLib\include\Math\sse_mathfun.h">
      <Filter>Library_Resources\MathGeoLib\Include</Filter>
    </ClInclude>
    <ClInclude Include="MathGeoLib\include\Math\SSEMath.h">
      <Filter>Library_Resources\MathGeoLib\Include</Filter>
    </ClInclude>
    <ClInclude Include="MathGeoLib\include\Math\TransformOps.h">
      <Filter>Library_Resources\MathGeoLib\Include</Filter>
    </ClInclude>
    <ClInclude Include="MathGeoLib\include\Geometry\AABB.h">
      <Filter>Library_Resources\MathGeoLib\Include</Filter>
    </ClInclude>
    <ClInclude Include="MathGeoLib\include\Geometry\AABB2D.h">
      <Filter>Library_Resources\MathGeoLib\Include</Filter>
    </ClInclude>
    <ClInclude Include="MathGeoLib\include\Geometry\Capsule.h">
      <Filter>Library_Resources\MathGeoLib\Include</Filter>
    </ClInclude>
    <ClInclude Include="MathGeoLib\include\Geometry\Circle.h">
      <Filter>Library_Resources\MathGeoLib\Include</Filter>
    </ClInclude>
    <ClInclude Include="MathGeoLib\include\Geometry\Frustum.h">
      <Filter>Library_Resources\MathGeoLib\Include</Filter>
    </ClInclude>
    <ClInclude Include="MathGeoLib\include\Geometry\GeometryAll.h">
      <Filter>Library_Resources\MathGeoLib\Include</Filter>
    </ClInclude>
    <ClInclude Include="MathGeoLib\include\Geometry\GeomType.h">
      <Filter>Library_Resources\MathGeoLib\Include</Filter>
    </ClInclude>
    <ClInclude Include="MathGeoLib\include\Geometry\HitInfo.h">
      <Filter>Library_Resources\MathGeoLib\Include</Filter>
    </ClInclude>
    <ClInclude Include="MathGeoLib\include\Geometry\KDTree.h">
      <Filter>Library_Resources\MathGeoLib\Include</Filter>
    </ClInclude>
    <ClInclude Include="MathGeoLib\include\Geometry\Line.h">
      <Filter>Library_Resources\MathGeoLib\Include</Filter>
    </ClInclude>
    <ClInclude Include="MathGeoLib\include\Geometry\LineSegment.h">
      <Filter>Library_Resources\MathGeoLib\Include</Filter>
    </ClInclude>
    <ClInclude Include="MathGeoLib\include\Geometry\OBB.h">
      <Filter>Library_Resources\MathGeoLib\Include</Filter>
    </ClInclude>
    <ClInclude Include="MathGeoLib\include\Geometry\PBVolume.h">
      <Filter>Library_Resources\MathGeoLib\Include</Filter>
    </ClInclude>
    <ClInclude Include="MathGeoLib\include\Geometry\Plane.h">
      <Filter>Library_Resources\MathGeoLib\Include</Filter>
    </ClInclude>
    <ClInclude Include="MathGeoLib\include\Geometry\Polygon.h">
      <Filter>Library_Resources\MathGeoLib\Include</Filter>
    </ClInclude>
    <ClInclude Include="MathGeoLib\include\Geometry\Polyhedron.h">
      <Filter>Library_Resources\MathGeoLib\Include</Filter>
    </ClInclude>
    <ClInclude Include="MathGeoLib\include\Geometry\QuadTree.h">
      <Filter>Library_Resources\MathGeoLib\Include</Filter>
    </ClInclude>
    <ClInclude Include="MathGeoLib\include\Geometry\Ray.h">
      <Filter>Library_Resources\MathGeoLib\Include</Filter>
    </ClInclude>
    <ClInclude Include="MathGeoLib\include\Geometry\Sphere.h">
      <Filter>Library_Resources\MathGeoLib\Include</Filter>
    </ClInclude>
    <ClInclude Include="MathGeoLib\include\Geometry\Triangle.h">
      <Filter>Library_Resources\MathGeoLib\Include</Filter>
    </ClInclude>
    <ClInclude Include="MathGeoLib\include\Geometry\TriangleMesh.h">
      <Filter>Library_Resources\MathGeoLib\Include</Filter>
    </ClInclude>
    <ClInclude Include="MathGeoLib\include\Algorithm\GJK.h">
      <Filter>Library_Resources\MathGeoLib\Include</Filter>
    </ClInclude>
    <ClInclude Include="MathGeoLib\include\Algorithm\SAT.h">
      <Filter>Library_Resources\MathGeoLib\Include</Filter>
    </ClInclude>
    <ClInclude Include="MathGeoLib\include\Algorithm\Random\LCG.h">
      <Filter>Library_Resources\MathGeoLib\Include</Filter>
    </ClInclude>
    <ClInclude Include="Random.h">
      <Filter>Sources\Tools</Filter>
    </ClInclude>
    <ClInclude Include="Editor.h">
      <Filter>Sources\Editor</Filter>
    </ClInclude>
    <ClInclude Include="FPS_Info.h">
      <Filter>Sources\Modules</Filter>
    </ClInclude>
    <ClInclude Include="Console.h">
      <Filter>Sources\Tools</Filter>
    </ClInclude>
    <ClInclude Include="Assimp\include\ai_assert.h">
      <Filter>Library_Resources\Assimp\Include</Filter>
    </ClInclude>
    <ClInclude Include="Assimp\include\anim.h">
      <Filter>Library_Resources\Assimp\Include</Filter>
    </ClInclude>
    <ClInclude Include="Assimp\include\camera.h">
      <Filter>Library_Resources\Assimp\Include</Filter>
    </ClInclude>
    <ClInclude Include="Assimp\include\cexport.h">
      <Filter>Library_Resources\Assimp\Include</Filter>
    </ClInclude>
    <ClInclude Include="Assimp\include\cfileio.h">
      <Filter>Library_Resources\Assimp\Include</Filter>
    </ClInclude>
    <ClInclude Include="Assimp\include\cimport.h">
      <Filter>Library_Resources\Assimp\Include</Filter>
    </ClInclude>
    <ClInclude Include="Assimp\include\color4.h">
      <Filter>Library_Resources\Assimp\Include</Filter>
    </ClInclude>
    <ClInclude Include="Assimp\include\config.h">
      <Filter>Library_Resources\Assimp\Include</Filter>
    </ClInclude>
    <ClInclude Include="Assimp\include\DefaultLogger.hpp">
      <Filter>Library_Resources\Assimp\Include</Filter>
    </ClInclude>
    <ClInclude Include="Assimp\include\defs.h">
      <Filter>Library_Resources\Assimp\Include</Filter>
    </ClInclude>
    <ClInclude Include="Assimp\include\Exporter.hpp">
      <Filter>Library_Resources\Assimp\Include</Filter>
    </ClInclude>
    <ClInclude Include="Assimp\include\Importer.hpp">
      <Filter>Library_Resources\Assimp\Include</Filter>
    </ClInclude>
    <ClInclude Include="Assimp\include\importerdesc.h">
      <Filter>Library_Resources\Assimp\Include</Filter>
    </ClInclude>
    <ClInclude Include="Assimp\include\IOStream.hpp">
      <Filter>Library_Resources\Assimp\Include</Filter>
    </ClInclude>
    <ClInclude Include="Assimp\include\IOSystem.hpp">
      <Filter>Library_Resources\Assimp\Include</Filter>
    </ClInclude>
    <ClInclude Include="Assimp\include\light.h">
      <Filter>Library_Resources\Assimp\Include</Filter>
    </ClInclude>
    <ClInclude Include="Assimp\include\Logger.hpp">
      <Filter>Library_Resources\Assimp\Include</Filter>
    </ClInclude>
    <ClInclude Include="Assimp\include\LogStream.hpp">
      <Filter>Library_Resources\Assimp\Include</Filter>
    </ClInclude>
    <ClInclude Include="Assimp\include\material.h">
      <Filter>Library_Resources\Assimp\Include</Filter>
    </ClInclude>
    <ClInclude Include="Assimp\include\matrix3x3.h">
      <Filter>Library_Resources\Assimp\Include</Filter>
    </ClInclude>
    <ClInclude Include="Assimp\include\matrix4x4.h">
      <Filter>Library_Resources\Assimp\Include</Filter>
    </ClInclude>
    <ClInclude Include="Assimp\include\mesh.h">
      <Filter>Library_Resources\Assimp\Include</Filter>
    </ClInclude>
    <ClInclude Include="Assimp\include\metadata.h">
      <Filter>Library_Resources\Assimp\Include</Filter>
    </ClInclude>
    <ClInclude Include="Assimp\include\NullLogger.hpp">
      <Filter>Library_Resources\Assimp\Include</Filter>
    </ClInclude>
    <ClInclude Include="Assimp\include\postprocess.h">
      <Filter>Library_Resources\Assimp\Include</Filter>
    </ClInclude>
    <ClInclude Include="Assimp\include\ProgressHandler.hpp">
      <Filter>Library_Resources\Assimp\Include</Filter>
    </ClInclude>
    <ClInclude Include="Assimp\include\quaternion.h">
      <Filter>Library_Resources\Assimp\Include</Filter>
    </ClInclude>
    <ClInclude Include="Assimp\include\scene.h">
      <Filter>Library_Resources\Assimp\Include</Filter>
    </ClInclude>
    <ClInclude Include="Assimp\include\texture.h">
      <Filter>Library_Resources\Assimp\Include</Filter>
    </ClInclude>
    <ClInclude Include="Assimp\include\types.h">
      <Filter>Library_Resources\Assimp\Include</Filter>
    </ClInclude>
    <ClInclude Include="Assimp\include\vector2.h">
      <Filter>Library_Resources\Assimp\Include</Filter>
    </ClInclude>
    <ClInclude Include="Assimp\include\vector3.h">
      <Filter>Library_Resources\Assimp\Include</Filter>
    </ClInclude>
    <ClInclude Include="Assimp\include\version.h">
      <Filter>Library_Resources\Assimp\Include</Filter>
    </ClInclude>
    <ClInclude Include="ModuleGeometry.h">
      <Filter>Sources\Modules</Filter>
    </ClInclude>
    <ClInclude Include="ModuleFileSystem.h">
      <Filter>Sources\Modules</Filter>
    </ClInclude>
    <ClInclude Include="p2Defs.h">
      <Filter>Sources\Tools</Filter>
    </ClInclude>
    <ClInclude Include="PhysFS\include\physfs.h">
      <Filter>Library_Resources\PhysFS</Filter>
    </ClInclude>
    <ClInclude Include="Devil\include\config.h">
      <Filter>Library_Resources\Devil</Filter>
    </ClInclude>
    <ClInclude Include="Devil\include\devil_internal_exports.h">
      <Filter>Library_Resources\Devil</Filter>
    </ClInclude>
    <ClInclude Include="Devil\include\il.h">
      <Filter>Library_Resources\Devil</Filter>
    </ClInclude>
    <ClInclude Include="Devil\include\il_wrap.h">
      <Filter>Library_Resources\Devil</Filter>
    </ClInclude>
    <ClInclude Include="Devil\include\ilu.h">
      <Filter>Library_Resources\Devil</Filter>
    </ClInclude>
    <ClInclude Include="Devil\include\ilu_region.h">
      <Filter>Library_Resources\Devil</Filter>
    </ClInclude>
    <ClInclude Include="Devil\include\ilut.h">
      <Filter>Library_Resources\Devil</Filter>
    </ClInclude>
    <ClInclude Include="Devil\include\ilut_config.h">
      <Filter>Library_Resources\Devil</Filter>
    </ClInclude>
    <ClInclude Include="Hardware_Info.h">
      <Filter>Sources\Modules</Filter>
    </ClInclude>
    <ClInclude Include="Panel_Windows.h">
      <Filter>Sources\Panel_Windows</Filter>
    </ClInclude>
    <ClInclude Include="Panel_Application.h">
      <Filter>Sources\Panel_Windows</Filter>
    </ClInclude>
    <ClInclude Include="Panel_MathGeolib_Tools.h">
      <Filter>Sources\Panel_Windows</Filter>
    </ClInclude>
    <ClInclude Include="Components.h">
      <Filter>Sources\GameObject\Components</Filter>
    </ClInclude>
    <ClInclude Include="Component_Mesh.h">
      <Filter>Sources\GameObject\Components</Filter>
    </ClInclude>
    <ClInclude Include="GameObject.h">
      <Filter>Sources\GameObject</Filter>
    </ClInclude>
    <ClInclude Include="Module_Go_Manager.h">
      <Filter>Sources\GameObject</Filter>
    </ClInclude>
  </ItemGroup>
  <ItemGroup>
    <ClCompile Include="ModuleAudio.cpp">
      <Filter>Sources\Modules</Filter>
    </ClCompile>
    <ClCompile Include="ModuleCamera3D.cpp">
      <Filter>Sources\Modules</Filter>
    </ClCompile>
    <ClCompile Include="ModuleInput.cpp">
      <Filter>Sources\Modules</Filter>
    </ClCompile>
    <ClCompile Include="ModuleRenderer3D.cpp">
      <Filter>Sources\Modules</Filter>
    </ClCompile>
    <ClCompile Include="ModuleWindow.cpp">
      <Filter>Sources\Modules</Filter>
    </ClCompile>
    <ClCompile Include="log.cpp">
      <Filter>Sources\Tools</Filter>
    </ClCompile>
    <ClCompile Include="Timer.cpp">
      <Filter>Sources\Tools</Filter>
    </ClCompile>
    <ClCompile Include="Application.cpp">
      <Filter>Sources</Filter>
    </ClCompile>
    <ClCompile Include="Main.cpp">
      <Filter>Sources</Filter>
    </ClCompile>
    <ClCompile Include="Primitive.cpp">
      <Filter>Sources\Helpers</Filter>
    </ClCompile>
    <ClCompile Include="Color.cpp">
      <Filter>Sources\Containers</Filter>
    </ClCompile>
    <ClCompile Include="Light.cpp">
      <Filter>Sources\Helpers</Filter>
    </ClCompile>
    <ClCompile Include="ModuleSceneIntro.cpp">
      <Filter>Sources\Modules\Game</Filter>
    </ClCompile>
    <ClCompile Include="ModulePhysics3D.cpp">
      <Filter>Sources\Modules</Filter>
    </ClCompile>
    <ClCompile Include="PhysBody3D.cpp">
      <Filter>Sources\Helpers</Filter>
    </ClCompile>
    <ClCompile Include="PhysVehicle3D.cpp">
      <Filter>Sources\Helpers</Filter>
    </ClCompile>
    <ClCompile Include="Imgui\imgui.cpp">
      <Filter>Library_Resources\Imgui</Filter>
    </ClCompile>
    <ClCompile Include="Imgui\imgui_demo.cpp">
      <Filter>Library_Resources\Imgui</Filter>
    </ClCompile>
    <ClCompile Include="Imgui\imgui_draw.cpp">
      <Filter>Library_Resources\Imgui</Filter>
    </ClCompile>
    <ClCompile Include="Imgui\imgui_impl_sdl_gl3.cpp">
      <Filter>Library_Resources\Imgui</Filter>
    </ClCompile>
    <ClCompile Include="MathGeoLib\include\Time\Clock.cpp">
      <Filter>Library_Resources\MathGeoLib\Include</Filter>
    </ClCompile>
    <ClCompile Include="MathGeoLib\include\Math\BitOps.cpp">
      <Filter>Library_Resources\MathGeoLib\Include</Filter>
    </ClCompile>
    <ClCompile Include="MathGeoLib\include\Math\Callstack.cpp">
      <Filter>Library_Resources\MathGeoLib\Include</Filter>
    </ClCompile>
    <ClCompile Include="MathGeoLib\include\Math\float2.cpp">
      <Filter>Library_Resources\MathGeoLib\Include</Filter>
    </ClCompile>
    <ClCompile Include="MathGeoLib\include\Math\float3.cpp">
      <Filter>Library_Resources\MathGeoLib\Include</Filter>
    </ClCompile>
    <ClCompile Include="MathGeoLib\include\Math\float3x3.cpp">
      <Filter>Library_Resources\MathGeoLib\Include</Filter>
    </ClCompile>
    <ClCompile Include="MathGeoLib\include\Math\float3x4.cpp">
      <Filter>Library_Resources\MathGeoLib\Include</Filter>
    </ClCompile>
    <ClCompile Include="MathGeoLib\include\Math\float4.cpp">
      <Filter>Library_Resources\MathGeoLib\Include</Filter>
    </ClCompile>
    <ClCompile Include="MathGeoLib\include\Math\float4d.cpp">
      <Filter>Library_Resources\MathGeoLib\Include</Filter>
    </ClCompile>
    <ClCompile Include="MathGeoLib\include\Math\float4x4.cpp">
      <Filter>Library_Resources\MathGeoLib\Include</Filter>
    </ClCompile>
    <ClCompile Include="MathGeoLib\include\Math\grisu3.c">
      <Filter>Library_Resources\MathGeoLib\Include</Filter>
    </ClCompile>
    <ClCompile Include="MathGeoLib\include\Math\grisu3_cpp.cpp">
      <Filter>Library_Resources\MathGeoLib\Include</Filter>
    </ClCompile>
    <ClCompile Include="MathGeoLib\include\Math\MathFunc.cpp">
      <Filter>Library_Resources\MathGeoLib\Include</Filter>
    </ClCompile>
    <ClCompile Include="MathGeoLib\include\Math\MathLog.cpp">
      <Filter>Library_Resources\MathGeoLib\Include</Filter>
    </ClCompile>
    <ClCompile Include="MathGeoLib\include\Math\MathOps.cpp">
      <Filter>Library_Resources\MathGeoLib\Include</Filter>
    </ClCompile>
    <ClCompile Include="MathGeoLib\include\Math\Polynomial.cpp">
      <Filter>Library_Resources\MathGeoLib\Include</Filter>
    </ClCompile>
    <ClCompile Include="MathGeoLib\include\Math\Quat.cpp">
      <Filter>Library_Resources\MathGeoLib\Include</Filter>
    </ClCompile>
    <ClCompile Include="MathGeoLib\include\Math\SSEMath.cpp">
      <Filter>Library_Resources\MathGeoLib\Include</Filter>
    </ClCompile>
    <ClCompile Include="MathGeoLib\include\Math\TransformOps.cpp">
      <Filter>Library_Resources\MathGeoLib\Include</Filter>
    </ClCompile>
    <ClCompile Include="MathGeoLib\include\Geometry\AABB.cpp">
      <Filter>Library_Resources\MathGeoLib\Include</Filter>
    </ClCompile>
    <ClCompile Include="MathGeoLib\include\Geometry\Capsule.cpp">
      <Filter>Library_Resources\MathGeoLib\Include</Filter>
    </ClCompile>
    <ClCompile Include="MathGeoLib\include\Geometry\Circle.cpp">
      <Filter>Library_Resources\MathGeoLib\Include</Filter>
    </ClCompile>
    <ClCompile Include="MathGeoLib\include\Geometry\Frustum.cpp">
      <Filter>Library_Resources\MathGeoLib\Include</Filter>
    </ClCompile>
    <ClCompile Include="MathGeoLib\include\Geometry\Line.cpp">
      <Filter>Library_Resources\MathGeoLib\Include</Filter>
    </ClCompile>
    <ClCompile Include="MathGeoLib\include\Geometry\LineSegment.cpp">
      <Filter>Library_Resources\MathGeoLib\Include</Filter>
    </ClCompile>
    <ClCompile Include="MathGeoLib\include\Geometry\OBB.cpp">
      <Filter>Library_Resources\MathGeoLib\Include</Filter>
    </ClCompile>
    <ClCompile Include="MathGeoLib\include\Geometry\PBVolume.cpp">
      <Filter>Library_Resources\MathGeoLib\Include</Filter>
    </ClCompile>
    <ClCompile Include="MathGeoLib\include\Geometry\Plane.cpp">
      <Filter>Library_Resources\MathGeoLib\Include</Filter>
    </ClCompile>
    <ClCompile Include="MathGeoLib\include\Geometry\Polygon.cpp">
      <Filter>Library_Resources\MathGeoLib\Include</Filter>
    </ClCompile>
    <ClCompile Include="MathGeoLib\include\Geometry\Polyhedron.cpp">
      <Filter>Library_Resources\MathGeoLib\Include</Filter>
    </ClCompile>
    <ClCompile Include="MathGeoLib\include\Geometry\Ray.cpp">
      <Filter>Library_Resources\MathGeoLib\Include</Filter>
    </ClCompile>
    <ClCompile Include="MathGeoLib\include\Geometry\Sphere.cpp">
      <Filter>Library_Resources\MathGeoLib\Include</Filter>
    </ClCompile>
    <ClCompile Include="MathGeoLib\include\Geometry\Triangle.cpp">
      <Filter>Library_Resources\MathGeoLib\Include</Filter>
    </ClCompile>
    <ClCompile Include="MathGeoLib\include\Geometry\TriangleMesh.cpp">
      <Filter>Library_Resources\MathGeoLib\Include</Filter>
    </ClCompile>
    <ClCompile Include="MathGeoLib\include\Algorithm\GJK.cpp">
      <Filter>Library_Resources\MathGeoLib\Include</Filter>
    </ClCompile>
    <ClCompile Include="MathGeoLib\include\Algorithm\Random\LCG.cpp">
      <Filter>Library_Resources\MathGeoLib\Include</Filter>
    </ClCompile>
    <ClCompile Include="Random.cpp">
      <Filter>Sources\Tools</Filter>
    </ClCompile>
    <ClCompile Include="Editor.cpp">
      <Filter>Sources\Editor</Filter>
    </ClCompile>
    <ClCompile Include="FPS_Info.cpp">
      <Filter>Sources\Modules</Filter>
    </ClCompile>
    <ClCompile Include="Console.cpp">
      <Filter>Sources\Tools</Filter>
    </ClCompile>
    <ClCompile Include="ModuleGeometry.cpp">
      <Filter>Sources\Modules</Filter>
    </ClCompile>
    <ClCompile Include="ModuleFileSystem.cpp">
      <Filter>Sources\Modules</Filter>
    </ClCompile>
    <ClCompile Include="Hardware_Info.cpp">
      <Filter>Sources\Modules</Filter>
    </ClCompile>
    <ClCompile Include="Panel_Application.cpp">
      <Filter>Sources\Panel_Windows</Filter>
    </ClCompile>
    <ClCompile Include="Panel_MathGeolib_Tools.cpp">
      <Filter>Sources\Panel_Windows</Filter>
    </ClCompile>
    <ClCompile Include="Components.cpp">
      <Filter>Sources\GameObject\Components</Filter>
    </ClCompile>
    <ClCompile Include="Component_Mesh.cpp">
      <Filter>Sources\GameObject\Components</Filter>
    </ClCompile>
    <ClCompile Include="GameObject.cpp">
      <Filter>Sources\GameObject</Filter>
    </ClCompile>
    <ClCompile Include="Module_Go_Manager.cpp">
      <Filter>Sources\GameObject</Filter>
    </ClCompile>
  </ItemGroup>
  <ItemGroup>
    <None Include="MathGeoLib\include\Math\float2.inl">
      <Filter>Library_Resources\MathGeoLib\Include</Filter>
    </None>
    <None Include="MathGeoLib\include\Math\Matrix.inl">
      <Filter>Library_Resources\MathGeoLib\Include</Filter>
    </None>
    <None Include="MathGeoLib\include\Geometry\KDTree.inl">
      <Filter>Library_Resources\MathGeoLib\Include</Filter>
    </None>
    <None Include="MathGeoLib\include\Geometry\QuadTree.inl">
      <Filter>Library_Resources\MathGeoLib\Include</Filter>
    </None>
    <None Include="MathGeoLib\include\Geometry\TriangleMesh_IntersectRay_AVX.inl">
      <Filter>Library_Resources\MathGeoLib\Include</Filter>
    </None>
    <None Include="MathGeoLib\include\Geometry\TriangleMesh_IntersectRay_CPP.inl">
      <Filter>Library_Resources\MathGeoLib\Include</Filter>
    </None>
    <None Include="MathGeoLib\include\Geometry\TriangleMesh_IntersectRay_SSE.inl">
      <Filter>Library_Resources\MathGeoLib\Include</Filter>
    </None>
    <None Include="Assimp\include\.editorconfig">
      <Filter>Library_Resources\Assimp\Include</Filter>
    </None>
    <None Include="Assimp\include\color4.inl">
      <Filter>Library_Resources\Assimp\Include</Filter>
    </None>
    <None Include="Assimp\include\material.inl">
      <Filter>Library_Resources\Assimp\Include</Filter>
    </None>
    <None Include="Assimp\include\matrix3x3.inl">
      <Filter>Library_Resources\Assimp\Include</Filter>
    </None>
    <None Include="Assimp\include\matrix4x4.inl">
      <Filter>Library_Resources\Assimp\Include</Filter>
    </None>
    <None Include="Assimp\include\quaternion.inl">
      <Filter>Library_Resources\Assimp\Include</Filter>
    </None>
    <None Include="Assimp\include\vector2.inl">
      <Filter>Library_Resources\Assimp\Include</Filter>
    </None>
    <None Include="Assimp\include\vector3.inl">
      <Filter>Library_Resources\Assimp\Include</Filter>
    </None>
    <None Include="Devil\include\config.h.win">
      <Filter>Library_Resources\Devil</Filter>
    </None>
  </ItemGroup>
</Project>